{
  "pins" : [
    {
      "identity" : "bcswiftdcbor",
      "kind" : "remoteSourceControl",
      "location" : "https://github.com/1inch/BCSwiftDCBOR",
      "state" : {
        "revision" : "91ddd3f2e0df5a3f0b3161c7d8dc58c3e3d216ba",
        "version" : "1.0.6-oi.1"
      }
    },
    {
      "identity" : "bcswiftfloat16",
      "kind" : "remoteSourceControl",
      "location" : "https://github.com/blockchaincommons/BCSwiftFloat16.git",
      "state" : {
        "revision" : "71f380285d88a876f9cdf4e34e2e9e77d7ca4aef",
        "version" : "1.0.0"
      }
    },
    {
      "identity" : "bcswifttags",
      "kind" : "remoteSourceControl",
      "location" : "https://github.com/BlockchainCommons/BCSwiftTags",
      "state" : {
        "revision" : "a2f3e5c8e8ed1770fb3cb28b35aef252da7a0fc2",
        "version" : "0.1.1"
      }
    },
    {
      "identity" : "swift-collections",
      "kind" : "remoteSourceControl",
      "location" : "https://github.com/apple/swift-collections.git",
      "state" : {
        "revision" : "94cf62b3ba8d4bed62680a282d4c25f9c63c2efb",
        "version" : "1.1.0"
      }
    },
    {
      "identity" : "swift-numberkit",
      "kind" : "remoteSourceControl",
      "location" : "https://github.com/wolfmcnally/swift-numberkit.git",
      "state" : {
        "revision" : "34a26297c200489779929b7fd7d4d30b63e87e69",
        "version" : "2.4.3"
      }
    }
  ],
  "version" : 2
}
