{
  "pins" : [
    {
      "identity" : "bcswiftdcbor",
      "kind" : "remoteSourceControl",
      "location" : "https://github.com/BlockchainCommons/BCSwiftDCBOR",
      "state" : {
        "revision" : "d7cf9436fccf01dbe64acf07e735f9eb7b867b40",
        "version" : "0.9.1"
      }
    },
    {
      "identity" : "bcswiftfloat16",
      "kind" : "remoteSourceControl",
      "location" : "https://github.com/blockchaincommons/BCSwiftFloat16.git",
      "state" : {
        "revision" : "b1aefcdddbef4581579af9e35225c70cf6df107e",
        "version" : "0.2.0"
      }
    },
    {
      "identity" : "swift-collections",
      "kind" : "remoteSourceControl",
      "location" : "https://github.com/wolfmcnally/swift-collections",
      "state" : {
        "revision" : "53a8adc54374f620002a3b6401d39e0feb3c57ae",
        "version" : "1.1.0"
      }
    }
  ],
  "version" : 2
}
